
Microsoft Visual Studio Solution File, Format Version 12.00
# Visual Studio Version 17
VisualStudioVersion = 17.4.33213.308
MinimumVisualStudioVersion = 10.0.40219.1
Project("{FAE04EC0-301F-11D3-BF4B-00C04F79EFBC}") = "Course", "Course\Course.csproj", "{A090FCEC-40A3-4FBE-97D8-9C19CA380A73}"
EndProject
Global
	GlobalSection(SolutionConfigurationPlatforms) = preSolution
		Debug|Any CPU = Debug|Any CPU
		Release|Any CPU = Release|Any CPU
	EndGlobalSection
	GlobalSection(ProjectConfigurationPlatforms) = postSolution
		{A090FCEC-40A3-4FBE-97D8-9C19CA380A73}.Debug|Any CPU.ActiveCfg = Debug|Any CPU
		{A090FCEC-40A3-4FBE-97D8-9C19CA380A73}.Debug|Any CPU.Build.0 = Debug|Any CPU
		{A090FCEC-40A3-4FBE-97D8-9C19CA380A73}.Release|Any CPU.ActiveCfg = Release|Any CPU
		{A090FCEC-40A3-4FBE-97D8-9C19CA380A73}.Release|Any CPU.Build.0 = Release|Any CPU
	EndGlobalSection
	GlobalSection(SolutionProperties) = preSolution
		HideSolutionNode = FALSE
	EndGlobalSection
	GlobalSection(ExtensibilityGlobals) = postSolution
		SolutionGuid = {BECA6286-A8ED-4972-B6DC-A23116F06B4A}
	EndGlobalSection
EndGlobal
